
Microsoft Visual Studio Solution File, Format Version 12.00
# Visual Studio Version 17
VisualStudioVersion = 17.7.34024.191
MinimumVisualStudioVersion = 10.0.40219.1
Project("{FAE04EC0-301F-11D3-BF4B-00C04F79EFBC}") = "SimpleVideoGameLibrary.Server", "SimpleVideoGameLibrary\Server\SimpleVideoGameLibrary.Server.csproj", "{56FD16A0-3995-4B63-9C47-0A0572BC0D3A}"
EndProject
Project("{FAE04EC0-301F-11D3-BF4B-00C04F79EFBC}") = "SimpleVideoGameLibrary.Client", "SimpleVideoGameLibrary\Client\SimpleVideoGameLibrary.Client.csproj", "{ECC0CD95-3489-4BB0-8FE3-B50AB7E40D6C}"
EndProject
Project("{FAE04EC0-301F-11D3-BF4B-00C04F79EFBC}") = "SimpleVideoGameLibrary.Shared", "SimpleVideoGameLibrary\Shared\SimpleVideoGameLibrary.Shared.csproj", "{9195483A-2839-4368-BF8E-9566D114E915}"
EndProject
Global
	GlobalSection(SolutionConfigurationPlatforms) = preSolution
		Debug|Any CPU = Debug|Any CPU
		Release|Any CPU = Release|Any CPU
	EndGlobalSection
	GlobalSection(ProjectConfigurationPlatforms) = postSolution
		{56FD16A0-3995-4B63-9C47-0A0572BC0D3A}.Debug|Any CPU.ActiveCfg = Debug|Any CPU
		{56FD16A0-3995-4B63-9C47-0A0572BC0D3A}.Debug|Any CPU.Build.0 = Debug|Any CPU
		{56FD16A0-3995-4B63-9C47-0A0572BC0D3A}.Release|Any CPU.ActiveCfg = Release|Any CPU
		{56FD16A0-3995-4B63-9C47-0A0572BC0D3A}.Release|Any CPU.Build.0 = Release|Any CPU
		{ECC0CD95-3489-4BB0-8FE3-B50AB7E40D6C}.Debug|Any CPU.ActiveCfg = Debug|Any CPU
		{ECC0CD95-3489-4BB0-8FE3-B50AB7E40D6C}.Debug|Any CPU.Build.0 = Debug|Any CPU
		{ECC0CD95-3489-4BB0-8FE3-B50AB7E40D6C}.Release|Any CPU.ActiveCfg = Release|Any CPU
		{ECC0CD95-3489-4BB0-8FE3-B50AB7E40D6C}.Release|Any CPU.Build.0 = Release|Any CPU
		{9195483A-2839-4368-BF8E-9566D114E915}.Debug|Any CPU.ActiveCfg = Debug|Any CPU
		{9195483A-2839-4368-BF8E-9566D114E915}.Debug|Any CPU.Build.0 = Debug|Any CPU
		{9195483A-2839-4368-BF8E-9566D114E915}.Release|Any CPU.ActiveCfg = Release|Any CPU
		{9195483A-2839-4368-BF8E-9566D114E915}.Release|Any CPU.Build.0 = Release|Any CPU
	EndGlobalSection
	GlobalSection(SolutionProperties) = preSolution
		HideSolutionNode = FALSE
	EndGlobalSection
	GlobalSection(ExtensibilityGlobals) = postSolution
		SolutionGuid = {AF11E8DB-5DDB-447A-8887-72C866636733}
	EndGlobalSection
EndGlobal
